// !$*UTF8*$!
{
	archiveVersion = 1;
	classes = {
	};
	objectVersion = 51;
	objects = {

/* Begin PBXBuildFile section */
		5A7A7632DC07CB2749FDF56A /* Pods_IPMagix_Task.framework in Frameworks */ = {isa = PBXBuildFile; fileRef = A9FE31E5DA6C7E22FC729627 /* Pods_IPMagix_Task.framework */; };
		7FF50C6EE5ACDA0FB431C4D9 /* Pods_IPMagix_TaskTests.framework in Frameworks */ = {isa = PBXBuildFile; fileRef = 74E799967BCD623F03219B48 /* Pods_IPMagix_TaskTests.framework */; };
		A20D9B30E6B9665408A9655F /* Pods_IPMagix_Task_IPMagix_TaskUITests.framework in Frameworks */ = {isa = PBXBuildFile; fileRef = 9EE30C4C329062E0AF2317BF /* Pods_IPMagix_Task_IPMagix_TaskUITests.framework */; };
		A84FA1CB26610740007F5A4B /* AppDelegate.swift in Sources */ = {isa = PBXBuildFile; fileRef = A84FA1CA26610740007F5A4B /* AppDelegate.swift */; };
		A84FA1CD26610740007F5A4B /* SceneDelegate.swift in Sources */ = {isa = PBXBuildFile; fileRef = A84FA1CC26610740007F5A4B /* SceneDelegate.swift */; };
		A84FA1CF26610740007F5A4B /* ListPhotosViewController.swift in Sources */ = {isa = PBXBuildFile; fileRef = A84FA1CE26610740007F5A4B /* ListPhotosViewController.swift */; };
		A84FA1D226610740007F5A4B /* Main.storyboard in Resources */ = {isa = PBXBuildFile; fileRef = A84FA1D026610740007F5A4B /* Main.storyboard */; };
		A84FA1D526610740007F5A4B /* IPMagix_Task.xcdatamodeld in Sources */ = {isa = PBXBuildFile; fileRef = A84FA1D326610740007F5A4B /* IPMagix_Task.xcdatamodeld */; };
		A84FA1D726610742007F5A4B /* Assets.xcassets in Resources */ = {isa = PBXBuildFile; fileRef = A84FA1D626610742007F5A4B /* Assets.xcassets */; };
		A84FA1DA26610742007F5A4B /* LaunchScreen.storyboard in Resources */ = {isa = PBXBuildFile; fileRef = A84FA1D826610742007F5A4B /* LaunchScreen.storyboard */; };
		A84FA1E526610742007F5A4B /* IPMagix_TaskTests.swift in Sources */ = {isa = PBXBuildFile; fileRef = A84FA1E426610742007F5A4B /* IPMagix_TaskTests.swift */; };
		A84FA1F026610742007F5A4B /* IPMagix_TaskUITests.swift in Sources */ = {isa = PBXBuildFile; fileRef = A84FA1EF26610742007F5A4B /* IPMagix_TaskUITests.swift */; };
		A8EF54D52661168600236DC5 /* PhotosTableViewCell.swift in Sources */ = {isa = PBXBuildFile; fileRef = A8EF54D42661168600236DC5 /* PhotosTableViewCell.swift */; };
		A8EF54DD2661196200236DC5 /* PhotosViewModel.swift in Sources */ = {isa = PBXBuildFile; fileRef = A8EF54DC2661196200236DC5 /* PhotosViewModel.swift */; };
		A8EF54E826611C0A00236DC5 /* UIImageExtentions.swift in Sources */ = {isa = PBXBuildFile; fileRef = A8EF54E726611C0A00236DC5 /* UIImageExtentions.swift */; };
		A8EF54F026611C5D00236DC5 /* StringExtentions.swift in Sources */ = {isa = PBXBuildFile; fileRef = A8EF54EF26611C5D00236DC5 /* StringExtentions.swift */; };
		A8EF553826628FD800236DC5 /* Photo.swift in Sources */ = {isa = PBXBuildFile; fileRef = A8EF553726628FD800236DC5 /* Photo.swift */; };
		A8EF55532663040700236DC5 /* FlickrResponse.swift in Sources */ = {isa = PBXBuildFile; fileRef = A8EF55522663040700236DC5 /* FlickrResponse.swift */; };
		A8EF5576266306FC00236DC5 /* Networking.swift in Sources */ = {isa = PBXBuildFile; fileRef = A8EF5575266306FC00236DC5 /* Networking.swift */; };
		A8EF557B2663075A00236DC5 /* Alert.swift in Sources */ = {isa = PBXBuildFile; fileRef = A8EF557A2663075A00236DC5 /* Alert.swift */; };
		A8EF5581266308F100236DC5 /* FlickrApisPresenter.swift in Sources */ = {isa = PBXBuildFile; fileRef = A8EF5580266308F100236DC5 /* FlickrApisPresenter.swift */; };
		A8EF559B2663AA7C00236DC5 /* FullScreenPhotoViewController.swift in Sources */ = {isa = PBXBuildFile; fileRef = A8EF559A2663AA7C00236DC5 /* FullScreenPhotoViewController.swift */; };
		A8EF55C02663B1D700236DC5 /* LoadingSpinner.swift in Sources */ = {isa = PBXBuildFile; fileRef = A8EF55BF2663B1D700236DC5 /* LoadingSpinner.swift */; };
		A8EF55EA2663B65F00236DC5 /* UIScrollView+InfiniteScroll.m in Sources */ = {isa = PBXBuildFile; fileRef = A8EF55E92663B65F00236DC5 /* UIScrollView+InfiniteScroll.m */; };
		A8EF55FD2663B8C000236DC5 /* CoreDataManger.swift in Sources */ = {isa = PBXBuildFile; fileRef = A8EF55FC2663B8C000236DC5 /* CoreDataManger.swift */; };
/* End PBXBuildFile section */

/* Begin PBXContainerItemProxy section */
		A84FA1E126610742007F5A4B /* PBXContainerItemProxy */ = {
			isa = PBXContainerItemProxy;
			containerPortal = A84FA1BF2661073F007F5A4B /* Project object */;
			proxyType = 1;
			remoteGlobalIDString = A84FA1C62661073F007F5A4B;
			remoteInfo = "IPMagix Task";
		};
		A84FA1EC26610742007F5A4B /* PBXContainerItemProxy */ = {
			isa = PBXContainerItemProxy;
			containerPortal = A84FA1BF2661073F007F5A4B /* Project object */;
			proxyType = 1;
			remoteGlobalIDString = A84FA1C62661073F007F5A4B;
			remoteInfo = "IPMagix Task";
		};
/* End PBXContainerItemProxy section */

/* Begin PBXFileReference section */
		1D5B75D79B5BF5552D4413FF /* Pods-IPMagix TaskTests.release.xcconfig */ = {isa = PBXFileReference; includeInIndex = 1; lastKnownFileType = text.xcconfig; name = "Pods-IPMagix TaskTests.release.xcconfig"; path = "Target Support Files/Pods-IPMagix TaskTests/Pods-IPMagix TaskTests.release.xcconfig"; sourceTree = "<group>"; };
		67EA1337D78D3888B0DE99ED /* Pods-IPMagix Task-IPMagix TaskUITests.release.xcconfig */ = {isa = PBXFileReference; includeInIndex = 1; lastKnownFileType = text.xcconfig; name = "Pods-IPMagix Task-IPMagix TaskUITests.release.xcconfig"; path = "Target Support Files/Pods-IPMagix Task-IPMagix TaskUITests/Pods-IPMagix Task-IPMagix TaskUITests.release.xcconfig"; sourceTree = "<group>"; };
		74E799967BCD623F03219B48 /* Pods_IPMagix_TaskTests.framework */ = {isa = PBXFileReference; explicitFileType = wrapper.framework; includeInIndex = 0; path = Pods_IPMagix_TaskTests.framework; sourceTree = BUILT_PRODUCTS_DIR; };
		7DA2708D89AE98545CEE5BC2 /* Pods-IPMagix TaskTests.debug.xcconfig */ = {isa = PBXFileReference; includeInIndex = 1; lastKnownFileType = text.xcconfig; name = "Pods-IPMagix TaskTests.debug.xcconfig"; path = "Target Support Files/Pods-IPMagix TaskTests/Pods-IPMagix TaskTests.debug.xcconfig"; sourceTree = "<group>"; };
		9EE30C4C329062E0AF2317BF /* Pods_IPMagix_Task_IPMagix_TaskUITests.framework */ = {isa = PBXFileReference; explicitFileType = wrapper.framework; includeInIndex = 0; path = Pods_IPMagix_Task_IPMagix_TaskUITests.framework; sourceTree = BUILT_PRODUCTS_DIR; };
		A84FA1C726610740007F5A4B /* IPMagix Task.app */ = {isa = PBXFileReference; explicitFileType = wrapper.application; includeInIndex = 0; path = "IPMagix Task.app"; sourceTree = BUILT_PRODUCTS_DIR; };
		A84FA1CA26610740007F5A4B /* AppDelegate.swift */ = {isa = PBXFileReference; lastKnownFileType = sourcecode.swift; path = AppDelegate.swift; sourceTree = "<group>"; };
		A84FA1CC26610740007F5A4B /* SceneDelegate.swift */ = {isa = PBXFileReference; lastKnownFileType = sourcecode.swift; path = SceneDelegate.swift; sourceTree = "<group>"; };
		A84FA1CE26610740007F5A4B /* ListPhotosViewController.swift */ = {isa = PBXFileReference; lastKnownFileType = sourcecode.swift; path = ListPhotosViewController.swift; sourceTree = "<group>"; };
		A84FA1D126610740007F5A4B /* Base */ = {isa = PBXFileReference; lastKnownFileType = file.storyboard; name = Base; path = Base.lproj/Main.storyboard; sourceTree = "<group>"; };
		A84FA1D426610740007F5A4B /* IPMagix_Task.xcdatamodel */ = {isa = PBXFileReference; lastKnownFileType = wrapper.xcdatamodel; path = IPMagix_Task.xcdatamodel; sourceTree = "<group>"; };
		A84FA1D626610742007F5A4B /* Assets.xcassets */ = {isa = PBXFileReference; lastKnownFileType = folder.assetcatalog; path = Assets.xcassets; sourceTree = "<group>"; };
		A84FA1D926610742007F5A4B /* Base */ = {isa = PBXFileReference; lastKnownFileType = file.storyboard; name = Base; path = Base.lproj/LaunchScreen.storyboard; sourceTree = "<group>"; };
		A84FA1DB26610742007F5A4B /* Info.plist */ = {isa = PBXFileReference; lastKnownFileType = text.plist.xml; path = Info.plist; sourceTree = "<group>"; };
		A84FA1E026610742007F5A4B /* IPMagix TaskTests.xctest */ = {isa = PBXFileReference; explicitFileType = wrapper.cfbundle; includeInIndex = 0; path = "IPMagix TaskTests.xctest"; sourceTree = BUILT_PRODUCTS_DIR; };
		A84FA1E426610742007F5A4B /* IPMagix_TaskTests.swift */ = {isa = PBXFileReference; lastKnownFileType = sourcecode.swift; path = IPMagix_TaskTests.swift; sourceTree = "<group>"; };
		A84FA1E626610742007F5A4B /* Info.plist */ = {isa = PBXFileReference; lastKnownFileType = text.plist.xml; path = Info.plist; sourceTree = "<group>"; };
		A84FA1EB26610742007F5A4B /* IPMagix TaskUITests.xctest */ = {isa = PBXFileReference; explicitFileType = wrapper.cfbundle; includeInIndex = 0; path = "IPMagix TaskUITests.xctest"; sourceTree = BUILT_PRODUCTS_DIR; };
		A84FA1EF26610742007F5A4B /* IPMagix_TaskUITests.swift */ = {isa = PBXFileReference; lastKnownFileType = sourcecode.swift; path = IPMagix_TaskUITests.swift; sourceTree = "<group>"; };
		A84FA1F126610742007F5A4B /* Info.plist */ = {isa = PBXFileReference; lastKnownFileType = text.plist.xml; path = Info.plist; sourceTree = "<group>"; };
		A8EF54D42661168600236DC5 /* PhotosTableViewCell.swift */ = {isa = PBXFileReference; lastKnownFileType = sourcecode.swift; path = PhotosTableViewCell.swift; sourceTree = "<group>"; };
		A8EF54DC2661196200236DC5 /* PhotosViewModel.swift */ = {isa = PBXFileReference; lastKnownFileType = sourcecode.swift; path = PhotosViewModel.swift; sourceTree = "<group>"; };
		A8EF54E726611C0A00236DC5 /* UIImageExtentions.swift */ = {isa = PBXFileReference; lastKnownFileType = sourcecode.swift; path = UIImageExtentions.swift; sourceTree = "<group>"; };
		A8EF54EF26611C5D00236DC5 /* StringExtentions.swift */ = {isa = PBXFileReference; lastKnownFileType = sourcecode.swift; path = StringExtentions.swift; sourceTree = "<group>"; };
		A8EF553726628FD800236DC5 /* Photo.swift */ = {isa = PBXFileReference; lastKnownFileType = sourcecode.swift; path = Photo.swift; sourceTree = "<group>"; };
		A8EF55522663040700236DC5 /* FlickrResponse.swift */ = {isa = PBXFileReference; lastKnownFileType = sourcecode.swift; path = FlickrResponse.swift; sourceTree = "<group>"; };
		A8EF5575266306FC00236DC5 /* Networking.swift */ = {isa = PBXFileReference; fileEncoding = 4; lastKnownFileType = sourcecode.swift; path = Networking.swift; sourceTree = "<group>"; };
		A8EF557A2663075A00236DC5 /* Alert.swift */ = {isa = PBXFileReference; lastKnownFileType = sourcecode.swift; path = Alert.swift; sourceTree = "<group>"; };
		A8EF5580266308F100236DC5 /* FlickrApisPresenter.swift */ = {isa = PBXFileReference; lastKnownFileType = sourcecode.swift; path = FlickrApisPresenter.swift; sourceTree = "<group>"; };
		A8EF559A2663AA7C00236DC5 /* FullScreenPhotoViewController.swift */ = {isa = PBXFileReference; lastKnownFileType = sourcecode.swift; path = FullScreenPhotoViewController.swift; sourceTree = "<group>"; };
		A8EF55BF2663B1D700236DC5 /* LoadingSpinner.swift */ = {isa = PBXFileReference; lastKnownFileType = sourcecode.swift; path = LoadingSpinner.swift; sourceTree = "<group>"; };
		A8EF55E72663B65E00236DC5 /* IPMagix Task-Bridging-Header.h */ = {isa = PBXFileReference; lastKnownFileType = sourcecode.c.h; path = "IPMagix Task-Bridging-Header.h"; sourceTree = "<group>"; };
		A8EF55E82663B65F00236DC5 /* UIScrollView+InfiniteScroll.h */ = {isa = PBXFileReference; fileEncoding = 4; lastKnownFileType = sourcecode.c.h; path = "UIScrollView+InfiniteScroll.h"; sourceTree = "<group>"; };
		A8EF55E92663B65F00236DC5 /* UIScrollView+InfiniteScroll.m */ = {isa = PBXFileReference; fileEncoding = 4; lastKnownFileType = sourcecode.c.objc; path = "UIScrollView+InfiniteScroll.m"; sourceTree = "<group>"; };
		A8EF55FC2663B8C000236DC5 /* CoreDataManger.swift */ = {isa = PBXFileReference; lastKnownFileType = sourcecode.swift; path = CoreDataManger.swift; sourceTree = "<group>"; };
		A9FE31E5DA6C7E22FC729627 /* Pods_IPMagix_Task.framework */ = {isa = PBXFileReference; explicitFileType = wrapper.framework; includeInIndex = 0; path = Pods_IPMagix_Task.framework; sourceTree = BUILT_PRODUCTS_DIR; };
		E9CF5DE22AF9A833E2B58E59 /* Pods-IPMagix Task.release.xcconfig */ = {isa = PBXFileReference; includeInIndex = 1; lastKnownFileType = text.xcconfig; name = "Pods-IPMagix Task.release.xcconfig"; path = "Target Support Files/Pods-IPMagix Task/Pods-IPMagix Task.release.xcconfig"; sourceTree = "<group>"; };
		EFABAFA1B87699949CCD8BC3 /* Pods-IPMagix Task.debug.xcconfig */ = {isa = PBXFileReference; includeInIndex = 1; lastKnownFileType = text.xcconfig; name = "Pods-IPMagix Task.debug.xcconfig"; path = "Target Support Files/Pods-IPMagix Task/Pods-IPMagix Task.debug.xcconfig"; sourceTree = "<group>"; };
		EFD3FC848EBC6157943D6DD0 /* Pods-IPMagix Task-IPMagix TaskUITests.debug.xcconfig */ = {isa = PBXFileReference; includeInIndex = 1; lastKnownFileType = text.xcconfig; name = "Pods-IPMagix Task-IPMagix TaskUITests.debug.xcconfig"; path = "Target Support Files/Pods-IPMagix Task-IPMagix TaskUITests/Pods-IPMagix Task-IPMagix TaskUITests.debug.xcconfig"; sourceTree = "<group>"; };
/* End PBXFileReference section */

/* Begin PBXFrameworksBuildPhase section */
		A84FA1C42661073F007F5A4B /* Frameworks */ = {
			isa = PBXFrameworksBuildPhase;
			buildActionMask = 2147483647;
			files = (
				5A7A7632DC07CB2749FDF56A /* Pods_IPMagix_Task.framework in Frameworks */,
			);
			runOnlyForDeploymentPostprocessing = 0;
		};
		A84FA1DD26610742007F5A4B /* Frameworks */ = {
			isa = PBXFrameworksBuildPhase;
			buildActionMask = 2147483647;
			files = (
				7FF50C6EE5ACDA0FB431C4D9 /* Pods_IPMagix_TaskTests.framework in Frameworks */,
			);
			runOnlyForDeploymentPostprocessing = 0;
		};
		A84FA1E826610742007F5A4B /* Frameworks */ = {
			isa = PBXFrameworksBuildPhase;
			buildActionMask = 2147483647;
			files = (
				A20D9B30E6B9665408A9655F /* Pods_IPMagix_Task_IPMagix_TaskUITests.framework in Frameworks */,
			);
			runOnlyForDeploymentPostprocessing = 0;
		};
/* End PBXFrameworksBuildPhase section */

/* Begin PBXGroup section */
		2D73088A0AF888C39940214B /* Frameworks */ = {
			isa = PBXGroup;
			children = (
				A9FE31E5DA6C7E22FC729627 /* Pods_IPMagix_Task.framework */,
				9EE30C4C329062E0AF2317BF /* Pods_IPMagix_Task_IPMagix_TaskUITests.framework */,
				74E799967BCD623F03219B48 /* Pods_IPMagix_TaskTests.framework */,
			);
			name = Frameworks;
			sourceTree = "<group>";
		};
		A84FA1BE2661073F007F5A4B = {
			isa = PBXGroup;
			children = (
				A84FA1C926610740007F5A4B /* IPMagix Task */,
				A84FA1E326610742007F5A4B /* IPMagix TaskTests */,
				A84FA1EE26610742007F5A4B /* IPMagix TaskUITests */,
				A84FA1C826610740007F5A4B /* Products */,
				F3E5F0F871686AD50C0F51AE /* Pods */,
				2D73088A0AF888C39940214B /* Frameworks */,
			);
			sourceTree = "<group>";
		};
		A84FA1C826610740007F5A4B /* Products */ = {
			isa = PBXGroup;
			children = (
				A84FA1C726610740007F5A4B /* IPMagix Task.app */,
				A84FA1E026610742007F5A4B /* IPMagix TaskTests.xctest */,
				A84FA1EB26610742007F5A4B /* IPMagix TaskUITests.xctest */,
			);
			name = Products;
			sourceTree = "<group>";
		};
		A84FA1C926610740007F5A4B /* IPMagix Task */ = {
			isa = PBXGroup;
			children = (
				A8EF54D02661155B00236DC5 /* AppDelegate */,
				A8EF54E626611BD200236DC5 /* Helpers */,
				A8EF5564266305BB00236DC5 /* Networking */,
				A8EF553526628F3D00236DC5 /* ViewController */,
				A8EF5547266300D500236DC5 /* ViewModel */,
				A8EF557F266308B800236DC5 /* Presenter */,
				A8EF553626628FC000236DC5 /* Model */,
				A8EF55EE2663B6F000236DC5 /* CoreData */,
				A8EF55482663013600236DC5 /* Cells */,
				A8EF55632663053D00236DC5 /* Resources */,
				A84FA1D026610740007F5A4B /* Main.storyboard */,
				A84FA1D826610742007F5A4B /* LaunchScreen.storyboard */,
				A84FA1DB26610742007F5A4B /* Info.plist */,
				A84FA1D326610740007F5A4B /* IPMagix_Task.xcdatamodeld */,
			);
			path = "IPMagix Task";
			sourceTree = "<group>";
		};
		A84FA1E326610742007F5A4B /* IPMagix TaskTests */ = {
			isa = PBXGroup;
			children = (
				A84FA1E426610742007F5A4B /* IPMagix_TaskTests.swift */,
				A84FA1E626610742007F5A4B /* Info.plist */,
			);
			path = "IPMagix TaskTests";
			sourceTree = "<group>";
		};
		A84FA1EE26610742007F5A4B /* IPMagix TaskUITests */ = {
			isa = PBXGroup;
			children = (
				A84FA1EF26610742007F5A4B /* IPMagix_TaskUITests.swift */,
				A84FA1F126610742007F5A4B /* Info.plist */,
			);
			path = "IPMagix TaskUITests";
			sourceTree = "<group>";
		};
		A8EF54D02661155B00236DC5 /* AppDelegate */ = {
			isa = PBXGroup;
			children = (
				A84FA1CA26610740007F5A4B /* AppDelegate.swift */,
				A84FA1CC26610740007F5A4B /* SceneDelegate.swift */,
			);
			path = AppDelegate;
			sourceTree = "<group>";
		};
		A8EF54E626611BD200236DC5 /* Helpers */ = {
			isa = PBXGroup;
			children = (
				A8EF54E726611C0A00236DC5 /* UIImageExtentions.swift */,
				A8EF54EF26611C5D00236DC5 /* StringExtentions.swift */,
				A8EF557A2663075A00236DC5 /* Alert.swift */,
				A8EF55E82663B65F00236DC5 /* UIScrollView+InfiniteScroll.h */,
				A8EF55E92663B65F00236DC5 /* UIScrollView+InfiniteScroll.m */,
				A8EF55E72663B65E00236DC5 /* IPMagix Task-Bridging-Header.h */,
				A8EF55BF2663B1D700236DC5 /* LoadingSpinner.swift */,
			);
			path = Helpers;
			sourceTree = "<group>";
		};
		A8EF553526628F3D00236DC5 /* ViewController */ = {
			isa = PBXGroup;
			children = (
				A84FA1CE26610740007F5A4B /* ListPhotosViewController.swift */,
				A8EF559A2663AA7C00236DC5 /* FullScreenPhotoViewController.swift */,
			);
			path = ViewController;
			sourceTree = "<group>";
		};
		A8EF553626628FC000236DC5 /* Model */ = {
			isa = PBXGroup;
			children = (
				A8EF55522663040700236DC5 /* FlickrResponse.swift */,
				A8EF553726628FD800236DC5 /* Photo.swift */,
			);
			path = Model;
			sourceTree = "<group>";
		};
		A8EF5547266300D500236DC5 /* ViewModel */ = {
			isa = PBXGroup;
			children = (
				A8EF54DC2661196200236DC5 /* PhotosViewModel.swift */,
			);
			path = ViewModel;
			sourceTree = "<group>";
		};
		A8EF55482663013600236DC5 /* Cells */ = {
			isa = PBXGroup;
			children = (
				A8EF54D42661168600236DC5 /* PhotosTableViewCell.swift */,
			);
			path = Cells;
			sourceTree = "<group>";
		};
		A8EF55632663053D00236DC5 /* Resources */ = {
			isa = PBXGroup;
			children = (
				A84FA1D626610742007F5A4B /* Assets.xcassets */,
			);
			path = Resources;
			sourceTree = "<group>";
		};
		A8EF5564266305BB00236DC5 /* Networking */ = {
			isa = PBXGroup;
			children = (
				A8EF5575266306FC00236DC5 /* Networking.swift */,
			);
			path = Networking;
			sourceTree = "<group>";
		};
		A8EF557F266308B800236DC5 /* Presenter */ = {
			isa = PBXGroup;
			children = (
				A8EF5580266308F100236DC5 /* FlickrApisPresenter.swift */,
			);
			path = Presenter;
			sourceTree = "<group>";
		};
		A8EF55EE2663B6F000236DC5 /* CoreData */ = {
			isa = PBXGroup;
			children = (
				A8EF55FC2663B8C000236DC5 /* CoreDataManger.swift */,
			);
			path = CoreData;
			sourceTree = "<group>";
		};
		F3E5F0F871686AD50C0F51AE /* Pods */ = {
			isa = PBXGroup;
			children = (
				EFABAFA1B87699949CCD8BC3 /* Pods-IPMagix Task.debug.xcconfig */,
				E9CF5DE22AF9A833E2B58E59 /* Pods-IPMagix Task.release.xcconfig */,
				EFD3FC848EBC6157943D6DD0 /* Pods-IPMagix Task-IPMagix TaskUITests.debug.xcconfig */,
				67EA1337D78D3888B0DE99ED /* Pods-IPMagix Task-IPMagix TaskUITests.release.xcconfig */,
				7DA2708D89AE98545CEE5BC2 /* Pods-IPMagix TaskTests.debug.xcconfig */,
				1D5B75D79B5BF5552D4413FF /* Pods-IPMagix TaskTests.release.xcconfig */,
			);
			path = Pods;
			sourceTree = "<group>";
		};
/* End PBXGroup section */

/* Begin PBXNativeTarget section */
		A84FA1C62661073F007F5A4B /* IPMagix Task */ = {
			isa = PBXNativeTarget;
			buildConfigurationList = A84FA1F426610742007F5A4B /* Build configuration list for PBXNativeTarget "IPMagix Task" */;
			buildPhases = (
				3B6BB1BD2E5B2A68EB2447E4 /* [CP] Check Pods Manifest.lock */,
				A84FA1C32661073F007F5A4B /* Sources */,
				A84FA1C42661073F007F5A4B /* Frameworks */,
				A84FA1C52661073F007F5A4B /* Resources */,
				6253EEB3BD2EA849CEBBFB78 /* [CP] Embed Pods Frameworks */,
			);
			buildRules = (
			);
			dependencies = (
			);
			name = "IPMagix Task";
			productName = "IPMagix Task";
			productReference = A84FA1C726610740007F5A4B /* IPMagix Task.app */;
			productType = "com.apple.product-type.application";
		};
		A84FA1DF26610742007F5A4B /* IPMagix TaskTests */ = {
			isa = PBXNativeTarget;
			buildConfigurationList = A84FA1F726610742007F5A4B /* Build configuration list for PBXNativeTarget "IPMagix TaskTests" */;
			buildPhases = (
				8ACD8AF9D7EF53D93D5D3563 /* [CP] Check Pods Manifest.lock */,
				A84FA1DC26610742007F5A4B /* Sources */,
				A84FA1DD26610742007F5A4B /* Frameworks */,
				A84FA1DE26610742007F5A4B /* Resources */,
			);
			buildRules = (
			);
			dependencies = (
				A84FA1E226610742007F5A4B /* PBXTargetDependency */,
			);
			name = "IPMagix TaskTests";
			productName = "IPMagix TaskTests";
			productReference = A84FA1E026610742007F5A4B /* IPMagix TaskTests.xctest */;
			productType = "com.apple.product-type.bundle.unit-test";
		};
		A84FA1EA26610742007F5A4B /* IPMagix TaskUITests */ = {
			isa = PBXNativeTarget;
			buildConfigurationList = A84FA1FA26610742007F5A4B /* Build configuration list for PBXNativeTarget "IPMagix TaskUITests" */;
			buildPhases = (
				FAF8E982D95B28F8B07B8136 /* [CP] Check Pods Manifest.lock */,
				A84FA1E726610742007F5A4B /* Sources */,
				A84FA1E826610742007F5A4B /* Frameworks */,
				A84FA1E926610742007F5A4B /* Resources */,
				2BC8F21190FAE25CFE24C850 /* [CP] Embed Pods Frameworks */,
			);
			buildRules = (
			);
			dependencies = (
				A84FA1ED26610742007F5A4B /* PBXTargetDependency */,
			);
			name = "IPMagix TaskUITests";
			productName = "IPMagix TaskUITests";
			productReference = A84FA1EB26610742007F5A4B /* IPMagix TaskUITests.xctest */;
			productType = "com.apple.product-type.bundle.ui-testing";
		};
/* End PBXNativeTarget section */

/* Begin PBXProject section */
		A84FA1BF2661073F007F5A4B /* Project object */ = {
			isa = PBXProject;
			attributes = {
				LastSwiftUpdateCheck = 1210;
				LastUpgradeCheck = 1210;
				TargetAttributes = {
					A84FA1C62661073F007F5A4B = {
						CreatedOnToolsVersion = 12.1;
						LastSwiftMigration = 1210;
					};
					A84FA1DF26610742007F5A4B = {
						CreatedOnToolsVersion = 12.1;
						TestTargetID = A84FA1C62661073F007F5A4B;
					};
					A84FA1EA26610742007F5A4B = {
						CreatedOnToolsVersion = 12.1;
						TestTargetID = A84FA1C62661073F007F5A4B;
					};
				};
			};
			buildConfigurationList = A84FA1C22661073F007F5A4B /* Build configuration list for PBXProject "IPMagix Task" */;
			compatibilityVersion = "Xcode 9.3";
			developmentRegion = en;
			hasScannedForEncodings = 0;
			knownRegions = (
				en,
				Base,
			);
			mainGroup = A84FA1BE2661073F007F5A4B;
			productRefGroup = A84FA1C826610740007F5A4B /* Products */;
			projectDirPath = "";
			projectRoot = "";
			targets = (
				A84FA1C62661073F007F5A4B /* IPMagix Task */,
				A84FA1DF26610742007F5A4B /* IPMagix TaskTests */,
				A84FA1EA26610742007F5A4B /* IPMagix TaskUITests */,
			);
		};
/* End PBXProject section */

/* Begin PBXResourcesBuildPhase section */
		A84FA1C52661073F007F5A4B /* Resources */ = {
			isa = PBXResourcesBuildPhase;
			buildActionMask = 2147483647;
			files = (
				A84FA1DA26610742007F5A4B /* LaunchScreen.storyboard in Resources */,
				A84FA1D726610742007F5A4B /* Assets.xcassets in Resources */,
				A84FA1D226610740007F5A4B /* Main.storyboard in Resources */,
			);
			runOnlyForDeploymentPostprocessing = 0;
		};
		A84FA1DE26610742007F5A4B /* Resources */ = {
			isa = PBXResourcesBuildPhase;
			buildActionMask = 2147483647;
			files = (
			);
			runOnlyForDeploymentPostprocessing = 0;
		};
		A84FA1E926610742007F5A4B /* Resources */ = {
			isa = PBXResourcesBuildPhase;
			buildActionMask = 2147483647;
			files = (
			);
			runOnlyForDeploymentPostprocessing = 0;
		};
/* End PBXResourcesBuildPhase section */

/* Begin PBXShellScriptBuildPhase section */
		2BC8F21190FAE25CFE24C850 /* [CP] Embed Pods Frameworks */ = {
			isa = PBXShellScriptBuildPhase;
			buildActionMask = 2147483647;
			files = (
			);
			inputFileListPaths = (
				"${PODS_ROOT}/Target Support Files/Pods-IPMagix Task-IPMagix TaskUITests/Pods-IPMagix Task-IPMagix TaskUITests-frameworks-${CONFIGURATION}-input-files.xcfilelist",
			);
			name = "[CP] Embed Pods Frameworks";
			outputFileListPaths = (
				"${PODS_ROOT}/Target Support Files/Pods-IPMagix Task-IPMagix TaskUITests/Pods-IPMagix Task-IPMagix TaskUITests-frameworks-${CONFIGURATION}-output-files.xcfilelist",
			);
			runOnlyForDeploymentPostprocessing = 0;
			shellPath = /bin/sh;
			shellScript = "\"${PODS_ROOT}/Target Support Files/Pods-IPMagix Task-IPMagix TaskUITests/Pods-IPMagix Task-IPMagix TaskUITests-frameworks.sh\"\n";
			showEnvVarsInLog = 0;
		};
		3B6BB1BD2E5B2A68EB2447E4 /* [CP] Check Pods Manifest.lock */ = {
			isa = PBXShellScriptBuildPhase;
			buildActionMask = 2147483647;
			files = (
			);
			inputFileListPaths = (
			);
			inputPaths = (
				"${PODS_PODFILE_DIR_PATH}/Podfile.lock",
				"${PODS_ROOT}/Manifest.lock",
			);
			name = "[CP] Check Pods Manifest.lock";
			outputFileListPaths = (
			);
			outputPaths = (
				"$(DERIVED_FILE_DIR)/Pods-IPMagix Task-checkManifestLockResult.txt",
			);
			runOnlyForDeploymentPostprocessing = 0;
			shellPath = /bin/sh;
			shellScript = "diff \"${PODS_PODFILE_DIR_PATH}/Podfile.lock\" \"${PODS_ROOT}/Manifest.lock\" > /dev/null\nif [ $? != 0 ] ; then\n    # print error to STDERR\n    echo \"error: The sandbox is not in sync with the Podfile.lock. Run 'pod install' or update your CocoaPods installation.\" >&2\n    exit 1\nfi\n# This output is used by Xcode 'outputs' to avoid re-running this script phase.\necho \"SUCCESS\" > \"${SCRIPT_OUTPUT_FILE_0}\"\n";
			showEnvVarsInLog = 0;
		};
		6253EEB3BD2EA849CEBBFB78 /* [CP] Embed Pods Frameworks */ = {
			isa = PBXShellScriptBuildPhase;
			buildActionMask = 2147483647;
			files = (
			);
			inputFileListPaths = (
				"${PODS_ROOT}/Target Support Files/Pods-IPMagix Task/Pods-IPMagix Task-frameworks-${CONFIGURATION}-input-files.xcfilelist",
			);
			name = "[CP] Embed Pods Frameworks";
			outputFileListPaths = (
				"${PODS_ROOT}/Target Support Files/Pods-IPMagix Task/Pods-IPMagix Task-frameworks-${CONFIGURATION}-output-files.xcfilelist",
			);
			runOnlyForDeploymentPostprocessing = 0;
			shellPath = /bin/sh;
			shellScript = "\"${PODS_ROOT}/Target Support Files/Pods-IPMagix Task/Pods-IPMagix Task-frameworks.sh\"\n";
			showEnvVarsInLog = 0;
		};
		8ACD8AF9D7EF53D93D5D3563 /* [CP] Check Pods Manifest.lock */ = {
			isa = PBXShellScriptBuildPhase;
			buildActionMask = 2147483647;
			files = (
			);
			inputFileListPaths = (
			);
			inputPaths = (
				"${PODS_PODFILE_DIR_PATH}/Podfile.lock",
				"${PODS_ROOT}/Manifest.lock",
			);
			name = "[CP] Check Pods Manifest.lock";
			outputFileListPaths = (
			);
			outputPaths = (
				"$(DERIVED_FILE_DIR)/Pods-IPMagix TaskTests-checkManifestLockResult.txt",
			);
			runOnlyForDeploymentPostprocessing = 0;
			shellPath = /bin/sh;
			shellScript = "diff \"${PODS_PODFILE_DIR_PATH}/Podfile.lock\" \"${PODS_ROOT}/Manifest.lock\" > /dev/null\nif [ $? != 0 ] ; then\n    # print error to STDERR\n    echo \"error: The sandbox is not in sync with the Podfile.lock. Run 'pod install' or update your CocoaPods installation.\" >&2\n    exit 1\nfi\n# This output is used by Xcode 'outputs' to avoid re-running this script phase.\necho \"SUCCESS\" > \"${SCRIPT_OUTPUT_FILE_0}\"\n";
			showEnvVarsInLog = 0;
		};
		FAF8E982D95B28F8B07B8136 /* [CP] Check Pods Manifest.lock */ = {
			isa = PBXShellScriptBuildPhase;
			buildActionMask = 2147483647;
			files = (
			);
			inputFileListPaths = (
			);
			inputPaths = (
				"${PODS_PODFILE_DIR_PATH}/Podfile.lock",
				"${PODS_ROOT}/Manifest.lock",
			);
			name = "[CP] Check Pods Manifest.lock";
			outputFileListPaths = (
			);
			outputPaths = (
				"$(DERIVED_FILE_DIR)/Pods-IPMagix Task-IPMagix TaskUITests-checkManifestLockResult.txt",
			);
			runOnlyForDeploymentPostprocessing = 0;
			shellPath = /bin/sh;
			shellScript = "diff \"${PODS_PODFILE_DIR_PATH}/Podfile.lock\" \"${PODS_ROOT}/Manifest.lock\" > /dev/null\nif [ $? != 0 ] ; then\n    # print error to STDERR\n    echo \"error: The sandbox is not in sync with the Podfile.lock. Run 'pod install' or update your CocoaPods installation.\" >&2\n    exit 1\nfi\n# This output is used by Xcode 'outputs' to avoid re-running this script phase.\necho \"SUCCESS\" > \"${SCRIPT_OUTPUT_FILE_0}\"\n";
			showEnvVarsInLog = 0;
		};
/* End PBXShellScriptBuildPhase section */

/* Begin PBXSourcesBuildPhase section */
		A84FA1C32661073F007F5A4B /* Sources */ = {
			isa = PBXSourcesBuildPhase;
			buildActionMask = 2147483647;
			files = (
				A8EF55EA2663B65F00236DC5 /* UIScrollView+InfiniteScroll.m in Sources */,
				A8EF54F026611C5D00236DC5 /* StringExtentions.swift in Sources */,
				A8EF54D52661168600236DC5 /* PhotosTableViewCell.swift in Sources */,
				A8EF55FD2663B8C000236DC5 /* CoreDataManger.swift in Sources */,
				A8EF55C02663B1D700236DC5 /* LoadingSpinner.swift in Sources */,
				A8EF553826628FD800236DC5 /* Photo.swift in Sources */,
				A8EF557B2663075A00236DC5 /* Alert.swift in Sources */,
				A8EF5581266308F100236DC5 /* FlickrApisPresenter.swift in Sources */,
				A84FA1CF26610740007F5A4B /* ListPhotosViewController.swift in Sources */,
				A8EF559B2663AA7C00236DC5 /* FullScreenPhotoViewController.swift in Sources */,
				A84FA1CB26610740007F5A4B /* AppDelegate.swift in Sources */,
				A8EF54E826611C0A00236DC5 /* UIImageExtentions.swift in Sources */,
				A8EF54DD2661196200236DC5 /* PhotosViewModel.swift in Sources */,
				A8EF55532663040700236DC5 /* FlickrResponse.swift in Sources */,
				A84FA1D526610740007F5A4B /* IPMagix_Task.xcdatamodeld in Sources */,
				A84FA1CD26610740007F5A4B /* SceneDelegate.swift in Sources */,
				A8EF5576266306FC00236DC5 /* Networking.swift in Sources */,
			);
			runOnlyForDeploymentPostprocessing = 0;
		};
		A84FA1DC26610742007F5A4B /* Sources */ = {
			isa = PBXSourcesBuildPhase;
			buildActionMask = 2147483647;
			files = (
				A84FA1E526610742007F5A4B /* IPMagix_TaskTests.swift in Sources */,
			);
			runOnlyForDeploymentPostprocessing = 0;
		};
		A84FA1E726610742007F5A4B /* Sources */ = {
			isa = PBXSourcesBuildPhase;
			buildActionMask = 2147483647;
			files = (
				A84FA1F026610742007F5A4B /* IPMagix_TaskUITests.swift in Sources */,
			);
			runOnlyForDeploymentPostprocessing = 0;
		};
/* End PBXSourcesBuildPhase section */

/* Begin PBXTargetDependency section */
		A84FA1E226610742007F5A4B /* PBXTargetDependency */ = {
			isa = PBXTargetDependency;
			target = A84FA1C62661073F007F5A4B /* IPMagix Task */;
			targetProxy = A84FA1E126610742007F5A4B /* PBXContainerItemProxy */;
		};
		A84FA1ED26610742007F5A4B /* PBXTargetDependency */ = {
			isa = PBXTargetDependency;
			target = A84FA1C62661073F007F5A4B /* IPMagix Task */;
			targetProxy = A84FA1EC26610742007F5A4B /* PBXContainerItemProxy */;
		};
/* End PBXTargetDependency section */

/* Begin PBXVariantGroup section */
		A84FA1D026610740007F5A4B /* Main.storyboard */ = {
			isa = PBXVariantGroup;
			children = (
				A84FA1D126610740007F5A4B /* Base */,
			);
			name = Main.storyboard;
			sourceTree = "<group>";
		};
		A84FA1D826610742007F5A4B /* LaunchScreen.storyboard */ = {
			isa = PBXVariantGroup;
			children = (
				A84FA1D926610742007F5A4B /* Base */,
			);
			name = LaunchScreen.storyboard;
			sourceTree = "<group>";
		};
/* End PBXVariantGroup section */

/* Begin XCBuildConfiguration section */
		A84FA1F226610742007F5A4B /* Debug */ = {
			isa = XCBuildConfiguration;
			buildSettings = {
				ALWAYS_SEARCH_USER_PATHS = NO;
				CLANG_ANALYZER_NONNULL = YES;
				CLANG_ANALYZER_NUMBER_OBJECT_CONVERSION = YES_AGGRESSIVE;
				CLANG_CXX_LANGUAGE_STANDARD = "gnu++14";
				CLANG_CXX_LIBRARY = "libc++";
				CLANG_ENABLE_MODULES = YES;
				CLANG_ENABLE_OBJC_ARC = YES;
				CLANG_ENABLE_OBJC_WEAK = YES;
				CLANG_WARN_BLOCK_CAPTURE_AUTORELEASING = YES;
				CLANG_WARN_BOOL_CONVERSION = YES;
				CLANG_WARN_COMMA = YES;
				CLANG_WARN_CONSTANT_CONVERSION = YES;
				CLANG_WARN_DEPRECATED_OBJC_IMPLEMENTATIONS = YES;
				CLANG_WARN_DIRECT_OBJC_ISA_USAGE = YES_ERROR;
				CLANG_WARN_DOCUMENTATION_COMMENTS = YES;
				CLANG_WARN_EMPTY_BODY = YES;
				CLANG_WARN_ENUM_CONVERSION = YES;
				CLANG_WARN_INFINITE_RECURSION = YES;
				CLANG_WARN_INT_CONVERSION = YES;
				CLANG_WARN_NON_LITERAL_NULL_CONVERSION = YES;
				CLANG_WARN_OBJC_IMPLICIT_RETAIN_SELF = YES;
				CLANG_WARN_OBJC_LITERAL_CONVERSION = YES;
				CLANG_WARN_OBJC_ROOT_CLASS = YES_ERROR;
				CLANG_WARN_QUOTED_INCLUDE_IN_FRAMEWORK_HEADER = YES;
				CLANG_WARN_RANGE_LOOP_ANALYSIS = YES;
				CLANG_WARN_STRICT_PROTOTYPES = YES;
				CLANG_WARN_SUSPICIOUS_MOVE = YES;
				CLANG_WARN_UNGUARDED_AVAILABILITY = YES_AGGRESSIVE;
				CLANG_WARN_UNREACHABLE_CODE = YES;
				CLANG_WARN__DUPLICATE_METHOD_MATCH = YES;
				COPY_PHASE_STRIP = NO;
				DEBUG_INFORMATION_FORMAT = dwarf;
				ENABLE_STRICT_OBJC_MSGSEND = YES;
				ENABLE_TESTABILITY = YES;
				GCC_C_LANGUAGE_STANDARD = gnu11;
				GCC_DYNAMIC_NO_PIC = NO;
				GCC_NO_COMMON_BLOCKS = YES;
				GCC_OPTIMIZATION_LEVEL = 0;
				GCC_PREPROCESSOR_DEFINITIONS = (
					"DEBUG=1",
					"$(inherited)",
				);
				GCC_WARN_64_TO_32_BIT_CONVERSION = YES;
				GCC_WARN_ABOUT_RETURN_TYPE = YES_ERROR;
				GCC_WARN_UNDECLARED_SELECTOR = YES;
				GCC_WARN_UNINITIALIZED_AUTOS = YES_AGGRESSIVE;
				GCC_WARN_UNUSED_FUNCTION = YES;
				GCC_WARN_UNUSED_VARIABLE = YES;
				IPHONEOS_DEPLOYMENT_TARGET = 14.1;
				MTL_ENABLE_DEBUG_INFO = INCLUDE_SOURCE;
				MTL_FAST_MATH = YES;
				ONLY_ACTIVE_ARCH = YES;
				SDKROOT = iphoneos;
				SWIFT_ACTIVE_COMPILATION_CONDITIONS = DEBUG;
				SWIFT_OPTIMIZATION_LEVEL = "-Onone";
			};
			name = Debug;
		};
		A84FA1F326610742007F5A4B /* Release */ = {
			isa = XCBuildConfiguration;
			buildSettings = {
				ALWAYS_SEARCH_USER_PATHS = NO;
				CLANG_ANALYZER_NONNULL = YES;
				CLANG_ANALYZER_NUMBER_OBJECT_CONVERSION = YES_AGGRESSIVE;
				CLANG_CXX_LANGUAGE_STANDARD = "gnu++14";
				CLANG_CXX_LIBRARY = "libc++";
				CLANG_ENABLE_MODULES = YES;
				CLANG_ENABLE_OBJC_ARC = YES;
				CLANG_ENABLE_OBJC_WEAK = YES;
				CLANG_WARN_BLOCK_CAPTURE_AUTORELEASING = YES;
				CLANG_WARN_BOOL_CONVERSION = YES;
				CLANG_WARN_COMMA = YES;
				CLANG_WARN_CONSTANT_CONVERSION = YES;
				CLANG_WARN_DEPRECATED_OBJC_IMPLEMENTATIONS = YES;
				CLANG_WARN_DIRECT_OBJC_ISA_USAGE = YES_ERROR;
				CLANG_WARN_DOCUMENTATION_COMMENTS = YES;
				CLANG_WARN_EMPTY_BODY = YES;
				CLANG_WARN_ENUM_CONVERSION = YES;
				CLANG_WARN_INFINITE_RECURSION = YES;
				CLANG_WARN_INT_CONVERSION = YES;
				CLANG_WARN_NON_LITERAL_NULL_CONVERSION = YES;
				CLANG_WARN_OBJC_IMPLICIT_RETAIN_SELF = YES;
				CLANG_WARN_OBJC_LITERAL_CONVERSION = YES;
				CLANG_WARN_OBJC_ROOT_CLASS = YES_ERROR;
				CLANG_WARN_QUOTED_INCLUDE_IN_FRAMEWORK_HEADER = YES;
				CLANG_WARN_RANGE_LOOP_ANALYSIS = YES;
				CLANG_WARN_STRICT_PROTOTYPES = YES;
				CLANG_WARN_SUSPICIOUS_MOVE = YES;
				CLANG_WARN_UNGUARDED_AVAILABILITY = YES_AGGRESSIVE;
				CLANG_WARN_UNREACHABLE_CODE = YES;
				CLANG_WARN__DUPLICATE_METHOD_MATCH = YES;
				COPY_PHASE_STRIP = NO;
				DEBUG_INFORMATION_FORMAT = "dwarf-with-dsym";
				ENABLE_NS_ASSERTIONS = NO;
				ENABLE_STRICT_OBJC_MSGSEND = YES;
				GCC_C_LANGUAGE_STANDARD = gnu11;
				GCC_NO_COMMON_BLOCKS = YES;
				GCC_WARN_64_TO_32_BIT_CONVERSION = YES;
				GCC_WARN_ABOUT_RETURN_TYPE = YES_ERROR;
				GCC_WARN_UNDECLARED_SELECTOR = YES;
				GCC_WARN_UNINITIALIZED_AUTOS = YES_AGGRESSIVE;
				GCC_WARN_UNUSED_FUNCTION = YES;
				GCC_WARN_UNUSED_VARIABLE = YES;
				IPHONEOS_DEPLOYMENT_TARGET = 14.1;
				MTL_ENABLE_DEBUG_INFO = NO;
				MTL_FAST_MATH = YES;
				SDKROOT = iphoneos;
				SWIFT_COMPILATION_MODE = wholemodule;
				SWIFT_OPTIMIZATION_LEVEL = "-O";
				VALIDATE_PRODUCT = YES;
			};
			name = Release;
		};
		A84FA1F526610742007F5A4B /* Debug */ = {
			isa = XCBuildConfiguration;
			baseConfigurationReference = EFABAFA1B87699949CCD8BC3 /* Pods-IPMagix Task.debug.xcconfig */;
			buildSettings = {
				ASSETCATALOG_COMPILER_APPICON_NAME = AppIcon;
				ASSETCATALOG_COMPILER_GLOBAL_ACCENT_COLOR_NAME = AccentColor;
				CLANG_ENABLE_MODULES = YES;
				CODE_SIGN_STYLE = Automatic;
				DEVELOPMENT_TEAM = 9Y2SL74F47;
				INFOPLIST_FILE = "IPMagix Task/Info.plist";
				LD_RUNPATH_SEARCH_PATHS = (
					"$(inherited)",
					"@executable_path/Frameworks",
				);
				PRODUCT_BUNDLE_IDENTIFIER = "com.samy.IPMagix-Task";
				PRODUCT_NAME = "$(TARGET_NAME)";
				SWIFT_OBJC_BRIDGING_HEADER = "IPMagix Task/Helpers/IPMagix Task-Bridging-Header.h";
				SWIFT_OPTIMIZATION_LEVEL = "-Onone";
				SWIFT_VERSION = 5.0;
				TARGETED_DEVICE_FAMILY = "1,2";
			};
			name = Debug;
		};
		A84FA1F626610742007F5A4B /* Release */ = {
			isa = XCBuildConfiguration;
			baseConfigurationReference = E9CF5DE22AF9A833E2B58E59 /* Pods-IPMagix Task.release.xcconfig */;
			buildSettings = {
				ASSETCATALOG_COMPILER_APPICON_NAME = AppIcon;
				ASSETCATALOG_COMPILER_GLOBAL_ACCENT_COLOR_NAME = AccentColor;
				CLANG_ENABLE_MODULES = YES;
				CODE_SIGN_STYLE = Automatic;
				DEVELOPMENT_TEAM = 9Y2SL74F47;
				INFOPLIST_FILE = "IPMagix Task/Info.plist";
				LD_RUNPATH_SEARCH_PATHS = (
					"$(inherited)",
					"@executable_path/Frameworks",
				);
				PRODUCT_BUNDLE_IDENTIFIER = "com.samy.IPMagix-Task";
				PRODUCT_NAME = "$(TARGET_NAME)";
				SWIFT_OBJC_BRIDGING_HEADER = "IPMagix Task/Helpers/IPMagix Task-Bridging-Header.h";
				SWIFT_VERSION = 5.0;
				TARGETED_DEVICE_FAMILY = "1,2";
			};
			name = Release;
		};
		A84FA1F826610742007F5A4B /* Debug */ = {
			isa = XCBuildConfiguration;
			baseConfigurationReference = 7DA2708D89AE98545CEE5BC2 /* Pods-IPMagix TaskTests.debug.xcconfig */;
			buildSettings = {
				ALWAYS_EMBED_SWIFT_STANDARD_LIBRARIES = YES;
				BUNDLE_LOADER = "$(TEST_HOST)";
				CODE_SIGN_STYLE = Automatic;
				DEVELOPMENT_TEAM = 9Y2SL74F47;
				INFOPLIST_FILE = "IPMagix TaskTests/Info.plist";
				IPHONEOS_DEPLOYMENT_TARGET = 14.1;
				LD_RUNPATH_SEARCH_PATHS = (
					"$(inherited)",
					"@executable_path/Frameworks",
					"@loader_path/Frameworks",
				);
				PRODUCT_BUNDLE_IDENTIFIER = "com.samy.IPMagix-TaskTests";
				PRODUCT_NAME = "$(TARGET_NAME)";
				SWIFT_VERSION = 5.0;
				TARGETED_DEVICE_FAMILY = "1,2";
				TEST_HOST = "$(BUILT_PRODUCTS_DIR)/IPMagix Task.app/IPMagix Task";
			};
			name = Debug;
		};
		A84FA1F926610742007F5A4B /* Release */ = {
			isa = XCBuildConfiguration;
			baseConfigurationReference = 1D5B75D79B5BF5552D4413FF /* Pods-IPMagix TaskTests.release.xcconfig */;
			buildSettings = {
				ALWAYS_EMBED_SWIFT_STANDARD_LIBRARIES = YES;
				BUNDLE_LOADER = "$(TEST_HOST)";
				CODE_SIGN_STYLE = Automatic;
				DEVELOPMENT_TEAM = 9Y2SL74F47;
				INFOPLIST_FILE = "IPMagix TaskTests/Info.plist";
				IPHONEOS_DEPLOYMENT_TARGET = 14.1;
				LD_RUNPATH_SEARCH_PATHS = (
					"$(inherited)",
					"@executable_path/Frameworks",
					"@loader_path/Frameworks",
				);
				PRODUCT_BUNDLE_IDENTIFIER = "com.samy.IPMagix-TaskTests";
				PRODUCT_NAME = "$(TARGET_NAME)";
				SWIFT_VERSION = 5.0;
				TARGETED_DEVICE_FAMILY = "1,2";
				TEST_HOST = "$(BUILT_PRODUCTS_DIR)/IPMagix Task.app/IPMagix Task";
			};
			name = Release;
		};
		A84FA1FB26610742007F5A4B /* Debug */ = {
			isa = XCBuildConfiguration;
			baseConfigurationReference = EFD3FC848EBC6157943D6DD0 /* Pods-IPMagix Task-IPMagix TaskUITests.debug.xcconfig */;
			buildSettings = {
				ALWAYS_EMBED_SWIFT_STANDARD_LIBRARIES = YES;
				CODE_SIGN_STYLE = Automatic;
				DEVELOPMENT_TEAM = 9Y2SL74F47;
				INFOPLIST_FILE = "IPMagix TaskUITests/Info.plist";
				LD_RUNPATH_SEARCH_PATHS = (
					"$(inherited)",
					"@executable_path/Frameworks",
					"@loader_path/Frameworks",
				);
				PRODUCT_BUNDLE_IDENTIFIER = "com.samy.IPMagix-TaskUITests";
				PRODUCT_NAME = "$(TARGET_NAME)";
				SWIFT_VERSION = 5.0;
				TARGETED_DEVICE_FAMILY = "1,2";
				TEST_TARGET_NAME = "IPMagix Task";
			};
			name = Debug;
		};
		A84FA1FC26610742007F5A4B /* Release */ = {
			isa = XCBuildConfiguration;
			baseConfigurationReference = 67EA1337D78D3888B0DE99ED /* Pods-IPMagix Task-IPMagix TaskUITests.release.xcconfig */;
			buildSettings = {
				ALWAYS_EMBED_SWIFT_STANDARD_LIBRARIES = YES;
				CODE_SIGN_STYLE = Automatic;
				DEVELOPMENT_TEAM = 9Y2SL74F47;
				INFOPLIST_FILE = "IPMagix TaskUITests/Info.plist";
				LD_RUNPATH_SEARCH_PATHS = (
					"$(inherited)",
					"@executable_path/Frameworks",
					"@loader_path/Frameworks",
				);
				PRODUCT_BUNDLE_IDENTIFIER = "com.samy.IPMagix-TaskUITests";
				PRODUCT_NAME = "$(TARGET_NAME)";
				SWIFT_VERSION = 5.0;
				TARGETED_DEVICE_FAMILY = "1,2";
				TEST_TARGET_NAME = "IPMagix Task";
			};
			name = Release;
		};
/* End XCBuildConfiguration section */

/* Begin XCConfigurationList section */
		A84FA1C22661073F007F5A4B /* Build configuration list for PBXProject "IPMagix Task" */ = {
			isa = XCConfigurationList;
			buildConfigurations = (
				A84FA1F226610742007F5A4B /* Debug */,
				A84FA1F326610742007F5A4B /* Release */,
			);
			defaultConfigurationIsVisible = 0;
			defaultConfigurationName = Release;
		};
		A84FA1F426610742007F5A4B /* Build configuration list for PBXNativeTarget "IPMagix Task" */ = {
			isa = XCConfigurationList;
			buildConfigurations = (
				A84FA1F526610742007F5A4B /* Debug */,
				A84FA1F626610742007F5A4B /* Release */,
			);
			defaultConfigurationIsVisible = 0;
			defaultConfigurationName = Release;
		};
		A84FA1F726610742007F5A4B /* Build configuration list for PBXNativeTarget "IPMagix TaskTests" */ = {
			isa = XCConfigurationList;
			buildConfigurations = (
				A84FA1F826610742007F5A4B /* Debug */,
				A84FA1F926610742007F5A4B /* Release */,
			);
			defaultConfigurationIsVisible = 0;
			defaultConfigurationName = Release;
		};
		A84FA1FA26610742007F5A4B /* Build configuration list for PBXNativeTarget "IPMagix TaskUITests" */ = {
			isa = XCConfigurationList;
			buildConfigurations = (
				A84FA1FB26610742007F5A4B /* Debug */,
				A84FA1FC26610742007F5A4B /* Release */,
			);
			defaultConfigurationIsVisible = 0;
			defaultConfigurationName = Release;
		};
/* End XCConfigurationList section */

/* Begin XCVersionGroup section */
		A84FA1D326610740007F5A4B /* IPMagix_Task.xcdatamodeld */ = {
			isa = XCVersionGroup;
			children = (
				A84FA1D426610740007F5A4B /* IPMagix_Task.xcdatamodel */,
			);
			currentVersion = A84FA1D426610740007F5A4B /* IPMagix_Task.xcdatamodel */;
			path = IPMagix_Task.xcdatamodeld;
			sourceTree = "<group>";
			versionGroupType = wrapper.xcdatamodel;
		};
/* End XCVersionGroup section */
	};
	rootObject = A84FA1BF2661073F007F5A4B /* Project object */;
}
